// !$*UTF8*$!
{
	archiveVersion = 1;
	classes = {
	};
	objectVersion = 55;
	objects = {

/* Begin PBXBuildFile section */
		7D94E5D5336F647FC8537547 /* Pods_bogota.framework in Frameworks */ = {isa = PBXBuildFile; fileRef = 30919B5099736EF7FE5733B3 /* Pods_bogota.framework */; };
		BD1847D2279FC4C300E7CE78 /* StationByPosResponse.swift in Sources */ = {isa = PBXBuildFile; fileRef = BD1847D1279FC4C300E7CE78 /* StationByPosResponse.swift */; };
		BD1847D6279FC84600E7CE78 /* BusAPI.swift in Sources */ = {isa = PBXBuildFile; fileRef = BD1847D5279FC84600E7CE78 /* BusAPI.swift */; };
		BD1847DA27A0CFA400E7CE78 /* HomeViewController.swift in Sources */ = {isa = PBXBuildFile; fileRef = BD1847D927A0CFA400E7CE78 /* HomeViewController.swift */; };
		BD1847DE27A0E42400E7CE78 /* CommonPopupView.swift in Sources */ = {isa = PBXBuildFile; fileRef = BD1847DD27A0E42400E7CE78 /* CommonPopupView.swift */; };
		BD1847E027A0E42F00E7CE78 /* CommonPopupView.xib in Resources */ = {isa = PBXBuildFile; fileRef = BD1847DF27A0E42F00E7CE78 /* CommonPopupView.xib */; };
		BD1847E327A0E66500E7CE78 /* BaseViewController.swift in Sources */ = {isa = PBXBuildFile; fileRef = BD1847E227A0E66500E7CE78 /* BaseViewController.swift */; };
		BD1847E527A0E74A00E7CE78 /* Utils.swift in Sources */ = {isa = PBXBuildFile; fileRef = BD1847E427A0E74A00E7CE78 /* Utils.swift */; };
		BD1847E727A11BF800E7CE78 /* CommonResponse.swift in Sources */ = {isa = PBXBuildFile; fileRef = BD1847E627A11BF800E7CE78 /* CommonResponse.swift */; };
		BD1847E927A11CD300E7CE78 /* StationByNameResponse.swift in Sources */ = {isa = PBXBuildFile; fileRef = BD1847E827A11CD300E7CE78 /* StationByNameResponse.swift */; };
		BD1847EE27A14BA100E7CE78 /* LocationManager.swift in Sources */ = {isa = PBXBuildFile; fileRef = BD1847ED27A14BA100E7CE78 /* LocationManager.swift */; };
		BD35A3CE27A2593900F74D4F /* StationDetailViewController.swift in Sources */ = {isa = PBXBuildFile; fileRef = BD35A3CD27A2593900F74D4F /* StationDetailViewController.swift */; };
		BD35A3D027A25A2400F74D4F /* Detail.storyboard in Resources */ = {isa = PBXBuildFile; fileRef = BD35A3CF27A25A2400F74D4F /* Detail.storyboard */; };
		BD35A3D327A26DB500F74D4F /* BusInfoCell.swift in Sources */ = {isa = PBXBuildFile; fileRef = BD35A3D127A26DB500F74D4F /* BusInfoCell.swift */; };
		BD35A3D427A26DB500F74D4F /* BusInfoCell.xib in Resources */ = {isa = PBXBuildFile; fileRef = BD35A3D227A26DB500F74D4F /* BusInfoCell.xib */; };
		BD35A3D727A2753800F74D4F /* Route.swift in Sources */ = {isa = PBXBuildFile; fileRef = BD35A3D627A2753800F74D4F /* Route.swift */; };
		BD35A3D927A3736700F74D4F /* EmptyView.xib in Resources */ = {isa = PBXBuildFile; fileRef = BD35A3D827A3736700F74D4F /* EmptyView.xib */; };
		BD35A3DB27A3737700F74D4F /* EmptyView.swift in Sources */ = {isa = PBXBuildFile; fileRef = BD35A3DA27A3737700F74D4F /* EmptyView.swift */; };
		BD35A3DE27A37B6600F74D4F /* BusDetailViewController.swift in Sources */ = {isa = PBXBuildFile; fileRef = BD35A3DD27A37B6600F74D4F /* BusDetailViewController.swift */; };
		BD35A3E027A3BC0700F74D4F /* StationByRouteResponse.swift in Sources */ = {isa = PBXBuildFile; fileRef = BD35A3DF27A3BC0700F74D4F /* StationByRouteResponse.swift */; };
		BD35A3E327A3BEA400F74D4F /* BusRouteCell.swift in Sources */ = {isa = PBXBuildFile; fileRef = BD35A3E127A3BEA400F74D4F /* BusRouteCell.swift */; };
		BD35A3E427A3BEA400F74D4F /* BusRouteCell.xib in Resources */ = {isa = PBXBuildFile; fileRef = BD35A3E227A3BEA400F74D4F /* BusRouteCell.xib */; };
		BDA32DA127B623B0007E1983 /* Search.storyboard in Resources */ = {isa = PBXBuildFile; fileRef = BDA32DA027B623B0007E1983 /* Search.storyboard */; };
		BDA32DA327B623CC007E1983 /* SearchViewController.swift in Sources */ = {isa = PBXBuildFile; fileRef = BDA32DA227B623CC007E1983 /* SearchViewController.swift */; };
		BDA32DA627B63C7C007E1983 /* SearchBusCell.swift in Sources */ = {isa = PBXBuildFile; fileRef = BDA32DA427B63C7C007E1983 /* SearchBusCell.swift */; };
		BDA32DA727B63C7C007E1983 /* SearchBusCell.xib in Resources */ = {isa = PBXBuildFile; fileRef = BDA32DA527B63C7C007E1983 /* SearchBusCell.xib */; };
		BDA32DA927B64318007E1983 /* BusRouteListResponse.swift in Sources */ = {isa = PBXBuildFile; fileRef = BDA32DA827B64318007E1983 /* BusRouteListResponse.swift */; };
		BDA32DAC27B65147007E1983 /* SearchType.swift in Sources */ = {isa = PBXBuildFile; fileRef = BDA32DAB27B65147007E1983 /* SearchType.swift */; };
		BDA82E33279E691A005D5683 /* AppDelegate.swift in Sources */ = {isa = PBXBuildFile; fileRef = BDA82E32279E691A005D5683 /* AppDelegate.swift */; };
		BDA82E35279E691A005D5683 /* SceneDelegate.swift in Sources */ = {isa = PBXBuildFile; fileRef = BDA82E34279E691A005D5683 /* SceneDelegate.swift */; };
		BDA82E37279E691A005D5683 /* ViewController.swift in Sources */ = {isa = PBXBuildFile; fileRef = BDA82E36279E691A005D5683 /* ViewController.swift */; };
		BDA82E3A279E691B005D5683 /* Main.storyboard in Resources */ = {isa = PBXBuildFile; fileRef = BDA82E38279E691B005D5683 /* Main.storyboard */; };
		BDA82E3C279E691C005D5683 /* Assets.xcassets in Resources */ = {isa = PBXBuildFile; fileRef = BDA82E3B279E691C005D5683 /* Assets.xcassets */; };
		BDA82E3F279E691C005D5683 /* LaunchScreen.storyboard in Resources */ = {isa = PBXBuildFile; fileRef = BDA82E3D279E691C005D5683 /* LaunchScreen.storyboard */; };
		BDB9B4B027A237CB0002008C /* LowStationByUidResponse.swift in Sources */ = {isa = PBXBuildFile; fileRef = BDB9B4AF27A237CB0002008C /* LowStationByUidResponse.swift */; };
		BDE1E40A27B356E200E83E63 /* BusPosByRtidListResponse.swift in Sources */ = {isa = PBXBuildFile; fileRef = BDE1E40927B356E200E83E63 /* BusPosByRtidListResponse.swift */; };
		BDE1E40C27B3BDC200E83E63 /* UIColor+Extension.swift in Sources */ = {isa = PBXBuildFile; fileRef = BDE1E40B27B3BDC200E83E63 /* UIColor+Extension.swift */; };
		BDE7964B27B9E78E0086CD6B /* SearchBarView.swift in Sources */ = {isa = PBXBuildFile; fileRef = BDE7964A27B9E78E0086CD6B /* SearchBarView.swift */; };
		BDE7964D27B9E7980086CD6B /* SearchBarView.xib in Resources */ = {isa = PBXBuildFile; fileRef = BDE7964C27B9E7980086CD6B /* SearchBarView.xib */; };
		BDE7964F27BA10AC0086CD6B /* SearchGuideView.xib in Resources */ = {isa = PBXBuildFile; fileRef = BDE7964E27BA10AC0086CD6B /* SearchGuideView.xib */; };
		BDE7965127BA10B80086CD6B /* SearchGuideView.swift in Sources */ = {isa = PBXBuildFile; fileRef = BDE7965027BA10B80086CD6B /* SearchGuideView.swift */; };
		BDED587B27BCBED500CBD762 /* SearchHistoryModel.swift in Sources */ = {isa = PBXBuildFile; fileRef = BDED587A27BCBED500CBD762 /* SearchHistoryModel.swift */; };
		BDF9F339279E7FE900E4DAB3 /* Home.storyboard in Resources */ = {isa = PBXBuildFile; fileRef = BDF9F338279E7FE900E4DAB3 /* Home.storyboard */; };
		BDF9F33F279E82E700E4DAB3 /* Map.storyboard in Resources */ = {isa = PBXBuildFile; fileRef = BDF9F33E279E82E700E4DAB3 /* Map.storyboard */; };
		BDF9F341279E82F000E4DAB3 /* MapViewController.swift in Sources */ = {isa = PBXBuildFile; fileRef = BDF9F340279E82F000E4DAB3 /* MapViewController.swift */; };
		BDF9F345279E9AE500E4DAB3 /* HomeStationCell.swift in Sources */ = {isa = PBXBuildFile; fileRef = BDF9F343279E9AE500E4DAB3 /* HomeStationCell.swift */; };
		BDF9F346279E9AE500E4DAB3 /* HomeStationCell.xib in Resources */ = {isa = PBXBuildFile; fileRef = BDF9F344279E9AE500E4DAB3 /* HomeStationCell.xib */; };
/* End PBXBuildFile section */

/* Begin PBXFileReference section */
		16406F65F554ADA2428A8DDF /* Pods-bogota.release.xcconfig */ = {isa = PBXFileReference; includeInIndex = 1; lastKnownFileType = text.xcconfig; name = "Pods-bogota.release.xcconfig"; path = "Target Support Files/Pods-bogota/Pods-bogota.release.xcconfig"; sourceTree = "<group>"; };
		2761F4F7145C5D0C6B0ED14D /* Pods-bogota.debug.xcconfig */ = {isa = PBXFileReference; includeInIndex = 1; lastKnownFileType = text.xcconfig; name = "Pods-bogota.debug.xcconfig"; path = "Target Support Files/Pods-bogota/Pods-bogota.debug.xcconfig"; sourceTree = "<group>"; };
		30919B5099736EF7FE5733B3 /* Pods_bogota.framework */ = {isa = PBXFileReference; explicitFileType = wrapper.framework; includeInIndex = 0; path = Pods_bogota.framework; sourceTree = BUILT_PRODUCTS_DIR; };
		BD1847D1279FC4C300E7CE78 /* StationByPosResponse.swift */ = {isa = PBXFileReference; lastKnownFileType = sourcecode.swift; name = StationByPosResponse.swift; path = bogota/API/Bus/Model/StationByPosResponse.swift; sourceTree = SOURCE_ROOT; };
		BD1847D5279FC84600E7CE78 /* BusAPI.swift */ = {isa = PBXFileReference; lastKnownFileType = sourcecode.swift; name = BusAPI.swift; path = Bogota/API/Bus/BusAPI.swift; sourceTree = SOURCE_ROOT; };
		BD1847D927A0CFA400E7CE78 /* HomeViewController.swift */ = {isa = PBXFileReference; fileEncoding = 4; lastKnownFileType = sourcecode.swift; name = HomeViewController.swift; path = Bogota/Home/ViewController/HomeViewController.swift; sourceTree = SOURCE_ROOT; };
		BD1847DD27A0E42400E7CE78 /* CommonPopupView.swift */ = {isa = PBXFileReference; lastKnownFileType = sourcecode.swift; name = CommonPopupView.swift; path = Bogota/Common/View/CommonPopupView.swift; sourceTree = SOURCE_ROOT; };
		BD1847DF27A0E42F00E7CE78 /* CommonPopupView.xib */ = {isa = PBXFileReference; lastKnownFileType = file.xib; name = CommonPopupView.xib; path = Bogota/Common/View/CommonPopupView.xib; sourceTree = SOURCE_ROOT; };
		BD1847E227A0E66500E7CE78 /* BaseViewController.swift */ = {isa = PBXFileReference; lastKnownFileType = sourcecode.swift; name = BaseViewController.swift; path = Bogota/Common/Utils/BaseViewController.swift; sourceTree = SOURCE_ROOT; };
		BD1847E427A0E74A00E7CE78 /* Utils.swift */ = {isa = PBXFileReference; lastKnownFileType = sourcecode.swift; name = Utils.swift; path = Bogota/Common/Utils/Utils.swift; sourceTree = SOURCE_ROOT; };
		BD1847E627A11BF800E7CE78 /* CommonResponse.swift */ = {isa = PBXFileReference; lastKnownFileType = sourcecode.swift; name = CommonResponse.swift; path = Bogota/API/Bus/Model/CommonResponse.swift; sourceTree = SOURCE_ROOT; };
		BD1847E827A11CD300E7CE78 /* StationByNameResponse.swift */ = {isa = PBXFileReference; lastKnownFileType = sourcecode.swift; name = StationByNameResponse.swift; path = Bogota/API/Bus/Model/StationByNameResponse.swift; sourceTree = SOURCE_ROOT; };
		BD1847ED27A14BA100E7CE78 /* LocationManager.swift */ = {isa = PBXFileReference; lastKnownFileType = sourcecode.swift; name = LocationManager.swift; path = Bogota/Common/Manager/LocationManager.swift; sourceTree = SOURCE_ROOT; };
		BD35A3CD27A2593900F74D4F /* StationDetailViewController.swift */ = {isa = PBXFileReference; lastKnownFileType = sourcecode.swift; name = StationDetailViewController.swift; path = Bogota/Detail/ViewController/StationDetailViewController.swift; sourceTree = SOURCE_ROOT; };
		BD35A3CF27A25A2400F74D4F /* Detail.storyboard */ = {isa = PBXFileReference; lastKnownFileType = file.storyboard; name = Detail.storyboard; path = Bogota/Detail/Detail.storyboard; sourceTree = SOURCE_ROOT; };
		BD35A3D127A26DB500F74D4F /* BusInfoCell.swift */ = {isa = PBXFileReference; lastKnownFileType = sourcecode.swift; name = BusInfoCell.swift; path = Bogota/Detail/View/BusInfoCell.swift; sourceTree = SOURCE_ROOT; };
		BD35A3D227A26DB500F74D4F /* BusInfoCell.xib */ = {isa = PBXFileReference; lastKnownFileType = file.xib; name = BusInfoCell.xib; path = Bogota/Detail/View/BusInfoCell.xib; sourceTree = SOURCE_ROOT; };
		BD35A3D627A2753800F74D4F /* Route.swift */ = {isa = PBXFileReference; lastKnownFileType = sourcecode.swift; name = Route.swift; path = Bogota/Detail/Model/Route.swift; sourceTree = SOURCE_ROOT; };
		BD35A3D827A3736700F74D4F /* EmptyView.xib */ = {isa = PBXFileReference; lastKnownFileType = file.xib; name = EmptyView.xib; path = Bogota/Common/View/EmptyView.xib; sourceTree = SOURCE_ROOT; };
		BD35A3DA27A3737700F74D4F /* EmptyView.swift */ = {isa = PBXFileReference; lastKnownFileType = sourcecode.swift; name = EmptyView.swift; path = Bogota/Common/View/EmptyView.swift; sourceTree = SOURCE_ROOT; };
		BD35A3DD27A37B6600F74D4F /* BusDetailViewController.swift */ = {isa = PBXFileReference; lastKnownFileType = sourcecode.swift; name = BusDetailViewController.swift; path = Bogota/Detail/ViewController/BusDetailViewController.swift; sourceTree = SOURCE_ROOT; };
		BD35A3DF27A3BC0700F74D4F /* StationByRouteResponse.swift */ = {isa = PBXFileReference; lastKnownFileType = sourcecode.swift; name = StationByRouteResponse.swift; path = Bogota/API/Bus/Model/StationByRouteResponse.swift; sourceTree = SOURCE_ROOT; };
		BD35A3E127A3BEA400F74D4F /* BusRouteCell.swift */ = {isa = PBXFileReference; lastKnownFileType = sourcecode.swift; name = BusRouteCell.swift; path = Bogota/Detail/View/BusRouteCell.swift; sourceTree = SOURCE_ROOT; };
		BD35A3E227A3BEA400F74D4F /* BusRouteCell.xib */ = {isa = PBXFileReference; lastKnownFileType = file.xib; name = BusRouteCell.xib; path = Bogota/Detail/View/BusRouteCell.xib; sourceTree = SOURCE_ROOT; };
		BDA32DA027B623B0007E1983 /* Search.storyboard */ = {isa = PBXFileReference; lastKnownFileType = file.storyboard; name = Search.storyboard; path = Bogota/Search/Search.storyboard; sourceTree = SOURCE_ROOT; };
		BDA32DA227B623CC007E1983 /* SearchViewController.swift */ = {isa = PBXFileReference; lastKnownFileType = sourcecode.swift; name = SearchViewController.swift; path = Bogota/Search/ViewController/SearchViewController.swift; sourceTree = SOURCE_ROOT; };
		BDA32DA427B63C7C007E1983 /* SearchBusCell.swift */ = {isa = PBXFileReference; lastKnownFileType = sourcecode.swift; name = SearchBusCell.swift; path = Bogota/Search/View/SearchBusCell.swift; sourceTree = SOURCE_ROOT; };
		BDA32DA527B63C7C007E1983 /* SearchBusCell.xib */ = {isa = PBXFileReference; lastKnownFileType = file.xib; name = SearchBusCell.xib; path = Bogota/Search/View/SearchBusCell.xib; sourceTree = SOURCE_ROOT; };
		BDA32DA827B64318007E1983 /* BusRouteListResponse.swift */ = {isa = PBXFileReference; lastKnownFileType = sourcecode.swift; name = BusRouteListResponse.swift; path = Bogota/API/Bus/Model/BusRouteListResponse.swift; sourceTree = SOURCE_ROOT; };
		BDA32DAB27B65147007E1983 /* SearchType.swift */ = {isa = PBXFileReference; lastKnownFileType = sourcecode.swift; name = SearchType.swift; path = Bogota/Search/Model/SearchType.swift; sourceTree = SOURCE_ROOT; };
		BDA82E2F279E691A005D5683 /* bogota.app */ = {isa = PBXFileReference; explicitFileType = wrapper.application; includeInIndex = 0; path = bogota.app; sourceTree = BUILT_PRODUCTS_DIR; };
		BDA82E32279E691A005D5683 /* AppDelegate.swift */ = {isa = PBXFileReference; lastKnownFileType = sourcecode.swift; path = AppDelegate.swift; sourceTree = "<group>"; };
		BDA82E34279E691A005D5683 /* SceneDelegate.swift */ = {isa = PBXFileReference; lastKnownFileType = sourcecode.swift; path = SceneDelegate.swift; sourceTree = "<group>"; };
		BDA82E36279E691A005D5683 /* ViewController.swift */ = {isa = PBXFileReference; lastKnownFileType = sourcecode.swift; path = ViewController.swift; sourceTree = "<group>"; };
		BDA82E39279E691B005D5683 /* Base */ = {isa = PBXFileReference; lastKnownFileType = file.storyboard; name = Base; path = Base.lproj/Main.storyboard; sourceTree = "<group>"; };
		BDA82E3B279E691C005D5683 /* Assets.xcassets */ = {isa = PBXFileReference; lastKnownFileType = folder.assetcatalog; path = Assets.xcassets; sourceTree = "<group>"; };
		BDA82E3E279E691C005D5683 /* Base */ = {isa = PBXFileReference; lastKnownFileType = file.storyboard; name = Base; path = Base.lproj/LaunchScreen.storyboard; sourceTree = "<group>"; };
		BDA82E40279E691C005D5683 /* Info.plist */ = {isa = PBXFileReference; lastKnownFileType = text.plist.xml; path = Info.plist; sourceTree = "<group>"; };
		BDB9B4AF27A237CB0002008C /* LowStationByUidResponse.swift */ = {isa = PBXFileReference; lastKnownFileType = sourcecode.swift; name = LowStationByUidResponse.swift; path = Bogota/API/Bus/Model/LowStationByUidResponse.swift; sourceTree = SOURCE_ROOT; };
		BDE1E40927B356E200E83E63 /* BusPosByRtidListResponse.swift */ = {isa = PBXFileReference; lastKnownFileType = sourcecode.swift; name = BusPosByRtidListResponse.swift; path = Bogota/API/Bus/Model/BusPosByRtidListResponse.swift; sourceTree = SOURCE_ROOT; };
		BDE1E40B27B3BDC200E83E63 /* UIColor+Extension.swift */ = {isa = PBXFileReference; lastKnownFileType = sourcecode.swift; name = "UIColor+Extension.swift"; path = "Bogota/Common/Utils/UIColor+Extension.swift"; sourceTree = SOURCE_ROOT; };
		BDE7964A27B9E78E0086CD6B /* SearchBarView.swift */ = {isa = PBXFileReference; lastKnownFileType = sourcecode.swift; name = SearchBarView.swift; path = Bogota/Common/View/SearchBarView.swift; sourceTree = SOURCE_ROOT; };
		BDE7964C27B9E7980086CD6B /* SearchBarView.xib */ = {isa = PBXFileReference; lastKnownFileType = file.xib; name = SearchBarView.xib; path = Bogota/Common/View/SearchBarView.xib; sourceTree = SOURCE_ROOT; };
		BDE7964E27BA10AC0086CD6B /* SearchGuideView.xib */ = {isa = PBXFileReference; lastKnownFileType = file.xib; name = SearchGuideView.xib; path = Bogota/Search/View/SearchGuideView.xib; sourceTree = SOURCE_ROOT; };
		BDE7965027BA10B80086CD6B /* SearchGuideView.swift */ = {isa = PBXFileReference; lastKnownFileType = sourcecode.swift; name = SearchGuideView.swift; path = Bogota/Search/View/SearchGuideView.swift; sourceTree = SOURCE_ROOT; };
		BDED587A27BCBED500CBD762 /* SearchHistoryModel.swift */ = {isa = PBXFileReference; lastKnownFileType = sourcecode.swift; name = SearchHistoryModel.swift; path = Bogota/Search/Model/SearchHistoryModel.swift; sourceTree = SOURCE_ROOT; };
		BDF9F338279E7FE900E4DAB3 /* Home.storyboard */ = {isa = PBXFileReference; lastKnownFileType = file.storyboard; name = Home.storyboard; path = bogota/Home/Home.storyboard; sourceTree = SOURCE_ROOT; };
		BDF9F33E279E82E700E4DAB3 /* Map.storyboard */ = {isa = PBXFileReference; lastKnownFileType = file.storyboard; name = Map.storyboard; path = Bogota/Map/Map.storyboard; sourceTree = SOURCE_ROOT; };
		BDF9F340279E82F000E4DAB3 /* MapViewController.swift */ = {isa = PBXFileReference; lastKnownFileType = sourcecode.swift; name = MapViewController.swift; path = Bogota/Map/ViewController/MapViewController.swift; sourceTree = SOURCE_ROOT; };
		BDF9F343279E9AE500E4DAB3 /* HomeStationCell.swift */ = {isa = PBXFileReference; lastKnownFileType = sourcecode.swift; name = HomeStationCell.swift; path = bogota/Home/View/CustomView/HomeStationCell.swift; sourceTree = SOURCE_ROOT; };
		BDF9F344279E9AE500E4DAB3 /* HomeStationCell.xib */ = {isa = PBXFileReference; lastKnownFileType = file.xib; name = HomeStationCell.xib; path = bogota/Home/View/CustomView/HomeStationCell.xib; sourceTree = SOURCE_ROOT; };
/* End PBXFileReference section */

/* Begin PBXFrameworksBuildPhase section */
		BDA82E2C279E691A005D5683 /* Frameworks */ = {
			isa = PBXFrameworksBuildPhase;
			buildActionMask = 2147483647;
			files = (
				7D94E5D5336F647FC8537547 /* Pods_bogota.framework in Frameworks */,
			);
			runOnlyForDeploymentPostprocessing = 0;
		};
/* End PBXFrameworksBuildPhase section */

/* Begin PBXGroup section */
		48FE721014D0AA5CC9C94559 /* Frameworks */ = {
			isa = PBXGroup;
			children = (
				30919B5099736EF7FE5733B3 /* Pods_bogota.framework */,
			);
			name = Frameworks;
			sourceTree = "<group>";
		};
		BD1847CD279FC44900E7CE78 /* API */ = {
			isa = PBXGroup;
			children = (
				BD1847CF279FC47A00E7CE78 /* Map */,
				BD1847CE279FC45100E7CE78 /* Bus */,
			);
			path = API;
			sourceTree = "<group>";
		};
		BD1847CE279FC45100E7CE78 /* Bus */ = {
			isa = PBXGroup;
			children = (
				BD1847D0279FC4AC00E7CE78 /* Model */,
				BD1847D5279FC84600E7CE78 /* BusAPI.swift */,
			);
			path = Bus;
			sourceTree = "<group>";
		};
		BD1847CF279FC47A00E7CE78 /* Map */ = {
			isa = PBXGroup;
			children = (
			);
			path = Map;
			sourceTree = "<group>";
		};
		BD1847D0279FC4AC00E7CE78 /* Model */ = {
			isa = PBXGroup;
			children = (
				BD1847E627A11BF800E7CE78 /* CommonResponse.swift */,
				BD1847D1279FC4C300E7CE78 /* StationByPosResponse.swift */,
				BD1847E827A11CD300E7CE78 /* StationByNameResponse.swift */,
				BDB9B4AF27A237CB0002008C /* LowStationByUidResponse.swift */,
				BD35A3DF27A3BC0700F74D4F /* StationByRouteResponse.swift */,
				BDE1E40927B356E200E83E63 /* BusPosByRtidListResponse.swift */,
				BDA32DA827B64318007E1983 /* BusRouteListResponse.swift */,
			);
			path = Model;
			sourceTree = "<group>";
		};
		BD1847D727A0CE5700E7CE78 /* CustomView */ = {
			isa = PBXGroup;
			children = (
				BDF9F343279E9AE500E4DAB3 /* HomeStationCell.swift */,
				BDF9F344279E9AE500E4DAB3 /* HomeStationCell.xib */,
			);
			path = CustomView;
			sourceTree = "<group>";
		};
		BD1847DB27A0E3D800E7CE78 /* Common */ = {
			isa = PBXGroup;
			children = (
				BD1847EC27A14B9600E7CE78 /* Manager */,
				BD1847E127A0E64000E7CE78 /* Utils */,
				BD1847DC27A0E3E100E7CE78 /* View */,
			);
			path = Common;
			sourceTree = "<group>";
		};
		BD1847DC27A0E3E100E7CE78 /* View */ = {
			isa = PBXGroup;
			children = (
				BD1847DD27A0E42400E7CE78 /* CommonPopupView.swift */,
				BD1847DF27A0E42F00E7CE78 /* CommonPopupView.xib */,
				BD35A3DA27A3737700F74D4F /* EmptyView.swift */,
				BD35A3D827A3736700F74D4F /* EmptyView.xib */,
				BDE7964A27B9E78E0086CD6B /* SearchBarView.swift */,
				BDE7964C27B9E7980086CD6B /* SearchBarView.xib */,
			);
			path = View;
			sourceTree = "<group>";
		};
		BD1847E127A0E64000E7CE78 /* Utils */ = {
			isa = PBXGroup;
			children = (
				BD1847E227A0E66500E7CE78 /* BaseViewController.swift */,
				BD1847E427A0E74A00E7CE78 /* Utils.swift */,
				BDE1E40B27B3BDC200E83E63 /* UIColor+Extension.swift */,
			);
			path = Utils;
			sourceTree = "<group>";
		};
		BD1847EC27A14B9600E7CE78 /* Manager */ = {
			isa = PBXGroup;
			children = (
				BD1847ED27A14BA100E7CE78 /* LocationManager.swift */,
			);
			path = Manager;
			sourceTree = "<group>";
		};
		BD35A3CA27A258B200F74D4F /* Detail */ = {
			isa = PBXGroup;
			children = (
				BD35A3CF27A25A2400F74D4F /* Detail.storyboard */,
				BD35A3D527A2751E00F74D4F /* Model */,
				BD35A3CC27A2590900F74D4F /* View */,
				BD35A3CB27A2590100F74D4F /* ViewController */,
			);
			path = Detail;
			sourceTree = "<group>";
		};
		BD35A3CB27A2590100F74D4F /* ViewController */ = {
			isa = PBXGroup;
			children = (
				BD35A3CD27A2593900F74D4F /* StationDetailViewController.swift */,
				BD35A3DD27A37B6600F74D4F /* BusDetailViewController.swift */,
			);
			path = ViewController;
			sourceTree = "<group>";
		};
		BD35A3CC27A2590900F74D4F /* View */ = {
			isa = PBXGroup;
			children = (
				BD35A3D127A26DB500F74D4F /* BusInfoCell.swift */,
				BD35A3D227A26DB500F74D4F /* BusInfoCell.xib */,
				BD35A3E127A3BEA400F74D4F /* BusRouteCell.swift */,
				BD35A3E227A3BEA400F74D4F /* BusRouteCell.xib */,
			);
			path = View;
			sourceTree = "<group>";
		};
		BD35A3D527A2751E00F74D4F /* Model */ = {
			isa = PBXGroup;
			children = (
				BD35A3D627A2753800F74D4F /* Route.swift */,
			);
			path = Model;
			sourceTree = "<group>";
		};
		BDA32D9D27B62347007E1983 /* Search */ = {
			isa = PBXGroup;
			children = (
				BDA32DA027B623B0007E1983 /* Search.storyboard */,
				BDA32DAA27B65139007E1983 /* Model */,
				BDA32D9F27B62363007E1983 /* View */,
				BDA32D9E27B6235C007E1983 /* ViewController */,
			);
			path = Search;
			sourceTree = "<group>";
		};
		BDA32D9E27B6235C007E1983 /* ViewController */ = {
			isa = PBXGroup;
			children = (
				BDA32DA227B623CC007E1983 /* SearchViewController.swift */,
			);
			path = ViewController;
			sourceTree = "<group>";
		};
		BDA32D9F27B62363007E1983 /* View */ = {
			isa = PBXGroup;
			children = (
				BDA32DA427B63C7C007E1983 /* SearchBusCell.swift */,
				BDA32DA527B63C7C007E1983 /* SearchBusCell.xib */,
				BDE7965027BA10B80086CD6B /* SearchGuideView.swift */,
				BDE7964E27BA10AC0086CD6B /* SearchGuideView.xib */,
			);
			path = View;
			sourceTree = "<group>";
		};
		BDA32DAA27B65139007E1983 /* Model */ = {
			isa = PBXGroup;
			children = (
				BDA32DAB27B65147007E1983 /* SearchType.swift */,
				BDED587A27BCBED500CBD762 /* SearchHistoryModel.swift */,
			);
			path = Model;
			sourceTree = "<group>";
		};
		BDA82E26279E691A005D5683 = {
			isa = PBXGroup;
			children = (
				BDA82E31279E691A005D5683 /* bogota */,
				BDA82E30279E691A005D5683 /* Products */,
				DACBBAE42978AE35191D0DD6 /* Pods */,
				48FE721014D0AA5CC9C94559 /* Frameworks */,
			);
			sourceTree = "<group>";
		};
		BDA82E30279E691A005D5683 /* Products */ = {
			isa = PBXGroup;
			children = (
				BDA82E2F279E691A005D5683 /* bogota.app */,
			);
			name = Products;
			sourceTree = "<group>";
		};
		BDA82E31279E691A005D5683 /* bogota */ = {
			isa = PBXGroup;
			children = (
				BD1847DB27A0E3D800E7CE78 /* Common */,
				BD1847CD279FC44900E7CE78 /* API */,
				BDF9F33C279E82D300E4DAB3 /* Map */,
				BDF9F334279E7F3900E4DAB3 /* Home */,
				BDA32D9D27B62347007E1983 /* Search */,
				BD35A3CA27A258B200F74D4F /* Detail */,
				BDA82E32279E691A005D5683 /* AppDelegate.swift */,
				BDA82E34279E691A005D5683 /* SceneDelegate.swift */,
				BDA82E36279E691A005D5683 /* ViewController.swift */,
				BDA82E38279E691B005D5683 /* Main.storyboard */,
				BDA82E3B279E691C005D5683 /* Assets.xcassets */,
				BDA82E3D279E691C005D5683 /* LaunchScreen.storyboard */,
				BDA82E40279E691C005D5683 /* Info.plist */,
			);
			path = bogota;
			sourceTree = "<group>";
		};
		BDF9F334279E7F3900E4DAB3 /* Home */ = {
			isa = PBXGroup;
			children = (
				BDF9F338279E7FE900E4DAB3 /* Home.storyboard */,
				BDF9F335279E7F4400E4DAB3 /* ViewController */,
				BDF9F342279E9A2E00E4DAB3 /* View */,
			);
			path = Home;
			sourceTree = "<group>";
		};
		BDF9F335279E7F4400E4DAB3 /* ViewController */ = {
			isa = PBXGroup;
			children = (
				BD1847D927A0CFA400E7CE78 /* HomeViewController.swift */,
			);
			path = ViewController;
			sourceTree = "<group>";
		};
		BDF9F33C279E82D300E4DAB3 /* Map */ = {
			isa = PBXGroup;
			children = (
				BDF9F33E279E82E700E4DAB3 /* Map.storyboard */,
				BDF9F33D279E82D700E4DAB3 /* ViewController */,
			);
			path = Map;
			sourceTree = "<group>";
		};
		BDF9F33D279E82D700E4DAB3 /* ViewController */ = {
			isa = PBXGroup;
			children = (
				BDF9F340279E82F000E4DAB3 /* MapViewController.swift */,
			);
			path = ViewController;
			sourceTree = "<group>";
		};
		BDF9F342279E9A2E00E4DAB3 /* View */ = {
			isa = PBXGroup;
			children = (
				BD1847D727A0CE5700E7CE78 /* CustomView */,
			);
			path = View;
			sourceTree = "<group>";
		};
		DACBBAE42978AE35191D0DD6 /* Pods */ = {
			isa = PBXGroup;
			children = (
				2761F4F7145C5D0C6B0ED14D /* Pods-bogota.debug.xcconfig */,
				16406F65F554ADA2428A8DDF /* Pods-bogota.release.xcconfig */,
			);
			path = Pods;
			sourceTree = "<group>";
		};
/* End PBXGroup section */

/* Begin PBXNativeTarget section */
		BDA82E2E279E691A005D5683 /* bogota */ = {
			isa = PBXNativeTarget;
			buildConfigurationList = BDA82E43279E691C005D5683 /* Build configuration list for PBXNativeTarget "bogota" */;
			buildPhases = (
				8C77930B6964CA138C145389 /* [CP] Check Pods Manifest.lock */,
				BDA82E2B279E691A005D5683 /* Sources */,
				BDA82E2C279E691A005D5683 /* Frameworks */,
				BDA82E2D279E691A005D5683 /* Resources */,
				C767DA8C3B252B90823DBB9E /* [CP] Embed Pods Frameworks */,
			);
			buildRules = (
			);
			dependencies = (
			);
			name = bogota;
			productName = bogota;
			productReference = BDA82E2F279E691A005D5683 /* bogota.app */;
			productType = "com.apple.product-type.application";
		};
/* End PBXNativeTarget section */

/* Begin PBXProject section */
		BDA82E27279E691A005D5683 /* Project object */ = {
			isa = PBXProject;
			attributes = {
				BuildIndependentTargetsInParallel = 1;
				LastSwiftUpdateCheck = 1310;
				LastUpgradeCheck = 1310;
				TargetAttributes = {
					BDA82E2E279E691A005D5683 = {
						CreatedOnToolsVersion = 13.1;
					};
				};
			};
			buildConfigurationList = BDA82E2A279E691A005D5683 /* Build configuration list for PBXProject "Bogota" */;
			compatibilityVersion = "Xcode 13.0";
			developmentRegion = en;
			hasScannedForEncodings = 0;
			knownRegions = (
				en,
				Base,
			);
			mainGroup = BDA82E26279E691A005D5683;
			productRefGroup = BDA82E30279E691A005D5683 /* Products */;
			projectDirPath = "";
			projectRoot = "";
			targets = (
				BDA82E2E279E691A005D5683 /* bogota */,
			);
		};
/* End PBXProject section */

/* Begin PBXResourcesBuildPhase section */
		BDA82E2D279E691A005D5683 /* Resources */ = {
			isa = PBXResourcesBuildPhase;
			buildActionMask = 2147483647;
			files = (
				BD1847E027A0E42F00E7CE78 /* CommonPopupView.xib in Resources */,
				BDE7964F27BA10AC0086CD6B /* SearchGuideView.xib in Resources */,
				BDA32DA727B63C7C007E1983 /* SearchBusCell.xib in Resources */,
				BDA82E3F279E691C005D5683 /* LaunchScreen.storyboard in Resources */,
				BDF9F346279E9AE500E4DAB3 /* HomeStationCell.xib in Resources */,
				BDE7964D27B9E7980086CD6B /* SearchBarView.xib in Resources */,
				BD35A3D427A26DB500F74D4F /* BusInfoCell.xib in Resources */,
				BD35A3E427A3BEA400F74D4F /* BusRouteCell.xib in Resources */,
				BD35A3D927A3736700F74D4F /* EmptyView.xib in Resources */,
				BD35A3D027A25A2400F74D4F /* Detail.storyboard in Resources */,
				BDA82E3C279E691C005D5683 /* Assets.xcassets in Resources */,
				BDF9F33F279E82E700E4DAB3 /* Map.storyboard in Resources */,
				BDA82E3A279E691B005D5683 /* Main.storyboard in Resources */,
				BDA32DA127B623B0007E1983 /* Search.storyboard in Resources */,
				BDF9F339279E7FE900E4DAB3 /* Home.storyboard in Resources */,
			);
			runOnlyForDeploymentPostprocessing = 0;
		};
/* End PBXResourcesBuildPhase section */

/* Begin PBXShellScriptBuildPhase section */
		8C77930B6964CA138C145389 /* [CP] Check Pods Manifest.lock */ = {
			isa = PBXShellScriptBuildPhase;
			buildActionMask = 2147483647;
			files = (
			);
			inputFileListPaths = (
			);
			inputPaths = (
				"${PODS_PODFILE_DIR_PATH}/Podfile.lock",
				"${PODS_ROOT}/Manifest.lock",
			);
			name = "[CP] Check Pods Manifest.lock";
			outputFileListPaths = (
			);
			outputPaths = (
				"$(DERIVED_FILE_DIR)/Pods-bogota-checkManifestLockResult.txt",
			);
			runOnlyForDeploymentPostprocessing = 0;
			shellPath = /bin/sh;
			shellScript = "diff \"${PODS_PODFILE_DIR_PATH}/Podfile.lock\" \"${PODS_ROOT}/Manifest.lock\" > /dev/null\nif [ $? != 0 ] ; then\n    # print error to STDERR\n    echo \"error: The sandbox is not in sync with the Podfile.lock. Run 'pod install' or update your CocoaPods installation.\" >&2\n    exit 1\nfi\n# This output is used by Xcode 'outputs' to avoid re-running this script phase.\necho \"SUCCESS\" > \"${SCRIPT_OUTPUT_FILE_0}\"\n";
			showEnvVarsInLog = 0;
		};
		C767DA8C3B252B90823DBB9E /* [CP] Embed Pods Frameworks */ = {
			isa = PBXShellScriptBuildPhase;
			buildActionMask = 2147483647;
			files = (
			);
			inputFileListPaths = (
				"${PODS_ROOT}/Target Support Files/Pods-bogota/Pods-bogota-frameworks-${CONFIGURATION}-input-files.xcfilelist",
			);
			name = "[CP] Embed Pods Frameworks";
			outputFileListPaths = (
				"${PODS_ROOT}/Target Support Files/Pods-bogota/Pods-bogota-frameworks-${CONFIGURATION}-output-files.xcfilelist",
			);
			runOnlyForDeploymentPostprocessing = 0;
			shellPath = /bin/sh;
			shellScript = "\"${PODS_ROOT}/Target Support Files/Pods-bogota/Pods-bogota-frameworks.sh\"\n";
			showEnvVarsInLog = 0;
		};
/* End PBXShellScriptBuildPhase section */

/* Begin PBXSourcesBuildPhase section */
		BDA82E2B279E691A005D5683 /* Sources */ = {
			isa = PBXSourcesBuildPhase;
			buildActionMask = 2147483647;
			files = (
				BD35A3CE27A2593900F74D4F /* StationDetailViewController.swift in Sources */,
				BD35A3D727A2753800F74D4F /* Route.swift in Sources */,
				BD35A3E327A3BEA400F74D4F /* BusRouteCell.swift in Sources */,
				BDA32DAC27B65147007E1983 /* SearchType.swift in Sources */,
				BD1847D2279FC4C300E7CE78 /* StationByPosResponse.swift in Sources */,
				BDA32DA627B63C7C007E1983 /* SearchBusCell.swift in Sources */,
				BDA82E37279E691A005D5683 /* ViewController.swift in Sources */,
				BD35A3DE27A37B6600F74D4F /* BusDetailViewController.swift in Sources */,
				BD35A3E027A3BC0700F74D4F /* StationByRouteResponse.swift in Sources */,
				BDF9F345279E9AE500E4DAB3 /* HomeStationCell.swift in Sources */,
				BD35A3DB27A3737700F74D4F /* EmptyView.swift in Sources */,
				BD1847D6279FC84600E7CE78 /* BusAPI.swift in Sources */,
				BD1847E927A11CD300E7CE78 /* StationByNameResponse.swift in Sources */,
				BDED587B27BCBED500CBD762 /* SearchHistoryModel.swift in Sources */,
				BDA82E33279E691A005D5683 /* AppDelegate.swift in Sources */,
				BDE1E40A27B356E200E83E63 /* BusPosByRtidListResponse.swift in Sources */,
				BDA32DA927B64318007E1983 /* BusRouteListResponse.swift in Sources */,
				BDB9B4B027A237CB0002008C /* LowStationByUidResponse.swift in Sources */,
				BDE7965127BA10B80086CD6B /* SearchGuideView.swift in Sources */,
				BD1847E327A0E66500E7CE78 /* BaseViewController.swift in Sources */,
				BDE7964B27B9E78E0086CD6B /* SearchBarView.swift in Sources */,
				BDA32DA327B623CC007E1983 /* SearchViewController.swift in Sources */,
				BDE1E40C27B3BDC200E83E63 /* UIColor+Extension.swift in Sources */,
				BD1847DA27A0CFA400E7CE78 /* HomeViewController.swift in Sources */,
				BD35A3D327A26DB500F74D4F /* BusInfoCell.swift in Sources */,
				BD1847E527A0E74A00E7CE78 /* Utils.swift in Sources */,
				BD1847DE27A0E42400E7CE78 /* CommonPopupView.swift in Sources */,
				BD1847EE27A14BA100E7CE78 /* LocationManager.swift in Sources */,
				BDA82E35279E691A005D5683 /* SceneDelegate.swift in Sources */,
				BDF9F341279E82F000E4DAB3 /* MapViewController.swift in Sources */,
				BD1847E727A11BF800E7CE78 /* CommonResponse.swift in Sources */,
			);
			runOnlyForDeploymentPostprocessing = 0;
		};
/* End PBXSourcesBuildPhase section */

/* Begin PBXVariantGroup section */
		BDA82E38279E691B005D5683 /* Main.storyboard */ = {
			isa = PBXVariantGroup;
			children = (
				BDA82E39279E691B005D5683 /* Base */,
			);
			name = Main.storyboard;
			sourceTree = "<group>";
		};
		BDA82E3D279E691C005D5683 /* LaunchScreen.storyboard */ = {
			isa = PBXVariantGroup;
			children = (
				BDA82E3E279E691C005D5683 /* Base */,
			);
			name = LaunchScreen.storyboard;
			sourceTree = "<group>";
		};
/* End PBXVariantGroup section */

/* Begin XCBuildConfiguration section */
		BDA82E41279E691C005D5683 /* Debug */ = {
			isa = XCBuildConfiguration;
			buildSettings = {
				ALWAYS_SEARCH_USER_PATHS = NO;
				CLANG_ANALYZER_NONNULL = YES;
				CLANG_ANALYZER_NUMBER_OBJECT_CONVERSION = YES_AGGRESSIVE;
				CLANG_CXX_LANGUAGE_STANDARD = "gnu++17";
				CLANG_CXX_LIBRARY = "libc++";
				CLANG_ENABLE_MODULES = YES;
				CLANG_ENABLE_OBJC_ARC = YES;
				CLANG_ENABLE_OBJC_WEAK = YES;
				CLANG_WARN_BLOCK_CAPTURE_AUTORELEASING = YES;
				CLANG_WARN_BOOL_CONVERSION = YES;
				CLANG_WARN_COMMA = YES;
				CLANG_WARN_CONSTANT_CONVERSION = YES;
				CLANG_WARN_DEPRECATED_OBJC_IMPLEMENTATIONS = YES;
				CLANG_WARN_DIRECT_OBJC_ISA_USAGE = YES_ERROR;
				CLANG_WARN_DOCUMENTATION_COMMENTS = YES;
				CLANG_WARN_EMPTY_BODY = YES;
				CLANG_WARN_ENUM_CONVERSION = YES;
				CLANG_WARN_INFINITE_RECURSION = YES;
				CLANG_WARN_INT_CONVERSION = YES;
				CLANG_WARN_NON_LITERAL_NULL_CONVERSION = YES;
				CLANG_WARN_OBJC_IMPLICIT_RETAIN_SELF = YES;
				CLANG_WARN_OBJC_LITERAL_CONVERSION = YES;
				CLANG_WARN_OBJC_ROOT_CLASS = YES_ERROR;
				CLANG_WARN_QUOTED_INCLUDE_IN_FRAMEWORK_HEADER = YES;
				CLANG_WARN_RANGE_LOOP_ANALYSIS = YES;
				CLANG_WARN_STRICT_PROTOTYPES = YES;
				CLANG_WARN_SUSPICIOUS_MOVE = YES;
				CLANG_WARN_UNGUARDED_AVAILABILITY = YES_AGGRESSIVE;
				CLANG_WARN_UNREACHABLE_CODE = YES;
				CLANG_WARN__DUPLICATE_METHOD_MATCH = YES;
				COPY_PHASE_STRIP = NO;
				DEBUG_INFORMATION_FORMAT = dwarf;
				ENABLE_STRICT_OBJC_MSGSEND = YES;
				ENABLE_TESTABILITY = YES;
				GCC_C_LANGUAGE_STANDARD = gnu11;
				GCC_DYNAMIC_NO_PIC = NO;
				GCC_NO_COMMON_BLOCKS = YES;
				GCC_OPTIMIZATION_LEVEL = 0;
				GCC_PREPROCESSOR_DEFINITIONS = (
					"DEBUG=1",
					"$(inherited)",
				);
				GCC_WARN_64_TO_32_BIT_CONVERSION = YES;
				GCC_WARN_ABOUT_RETURN_TYPE = YES_ERROR;
				GCC_WARN_UNDECLARED_SELECTOR = YES;
				GCC_WARN_UNINITIALIZED_AUTOS = YES_AGGRESSIVE;
				GCC_WARN_UNUSED_FUNCTION = YES;
				GCC_WARN_UNUSED_VARIABLE = YES;
				IPHONEOS_DEPLOYMENT_TARGET = 15.0;
				MTL_ENABLE_DEBUG_INFO = INCLUDE_SOURCE;
				MTL_FAST_MATH = YES;
				ONLY_ACTIVE_ARCH = YES;
				SDKROOT = iphoneos;
				SWIFT_ACTIVE_COMPILATION_CONDITIONS = DEBUG;
				SWIFT_OPTIMIZATION_LEVEL = "-Onone";
			};
			name = Debug;
		};
		BDA82E42279E691C005D5683 /* Release */ = {
			isa = XCBuildConfiguration;
			buildSettings = {
				ALWAYS_SEARCH_USER_PATHS = NO;
				CLANG_ANALYZER_NONNULL = YES;
				CLANG_ANALYZER_NUMBER_OBJECT_CONVERSION = YES_AGGRESSIVE;
				CLANG_CXX_LANGUAGE_STANDARD = "gnu++17";
				CLANG_CXX_LIBRARY = "libc++";
				CLANG_ENABLE_MODULES = YES;
				CLANG_ENABLE_OBJC_ARC = YES;
				CLANG_ENABLE_OBJC_WEAK = YES;
				CLANG_WARN_BLOCK_CAPTURE_AUTORELEASING = YES;
				CLANG_WARN_BOOL_CONVERSION = YES;
				CLANG_WARN_COMMA = YES;
				CLANG_WARN_CONSTANT_CONVERSION = YES;
				CLANG_WARN_DEPRECATED_OBJC_IMPLEMENTATIONS = YES;
				CLANG_WARN_DIRECT_OBJC_ISA_USAGE = YES_ERROR;
				CLANG_WARN_DOCUMENTATION_COMMENTS = YES;
				CLANG_WARN_EMPTY_BODY = YES;
				CLANG_WARN_ENUM_CONVERSION = YES;
				CLANG_WARN_INFINITE_RECURSION = YES;
				CLANG_WARN_INT_CONVERSION = YES;
				CLANG_WARN_NON_LITERAL_NULL_CONVERSION = YES;
				CLANG_WARN_OBJC_IMPLICIT_RETAIN_SELF = YES;
				CLANG_WARN_OBJC_LITERAL_CONVERSION = YES;
				CLANG_WARN_OBJC_ROOT_CLASS = YES_ERROR;
				CLANG_WARN_QUOTED_INCLUDE_IN_FRAMEWORK_HEADER = YES;
				CLANG_WARN_RANGE_LOOP_ANALYSIS = YES;
				CLANG_WARN_STRICT_PROTOTYPES = YES;
				CLANG_WARN_SUSPICIOUS_MOVE = YES;
				CLANG_WARN_UNGUARDED_AVAILABILITY = YES_AGGRESSIVE;
				CLANG_WARN_UNREACHABLE_CODE = YES;
				CLANG_WARN__DUPLICATE_METHOD_MATCH = YES;
				COPY_PHASE_STRIP = NO;
				DEBUG_INFORMATION_FORMAT = "dwarf-with-dsym";
				ENABLE_NS_ASSERTIONS = NO;
				ENABLE_STRICT_OBJC_MSGSEND = YES;
				GCC_C_LANGUAGE_STANDARD = gnu11;
				GCC_NO_COMMON_BLOCKS = YES;
				GCC_WARN_64_TO_32_BIT_CONVERSION = YES;
				GCC_WARN_ABOUT_RETURN_TYPE = YES_ERROR;
				GCC_WARN_UNDECLARED_SELECTOR = YES;
				GCC_WARN_UNINITIALIZED_AUTOS = YES_AGGRESSIVE;
				GCC_WARN_UNUSED_FUNCTION = YES;
				GCC_WARN_UNUSED_VARIABLE = YES;
				IPHONEOS_DEPLOYMENT_TARGET = 15.0;
				MTL_ENABLE_DEBUG_INFO = NO;
				MTL_FAST_MATH = YES;
				SDKROOT = iphoneos;
				SWIFT_COMPILATION_MODE = wholemodule;
				SWIFT_OPTIMIZATION_LEVEL = "-O";
				VALIDATE_PRODUCT = YES;
			};
			name = Release;
		};
		BDA82E44279E691C005D5683 /* Debug */ = {
			isa = XCBuildConfiguration;
			baseConfigurationReference = 2761F4F7145C5D0C6B0ED14D /* Pods-bogota.debug.xcconfig */;
			buildSettings = {
				ASSETCATALOG_COMPILER_APPICON_NAME = AppIcon;
				ASSETCATALOG_COMPILER_GLOBAL_ACCENT_COLOR_NAME = AccentColor;
				CODE_SIGN_STYLE = Automatic;
				CURRENT_PROJECT_VERSION = 1;
				DEVELOPMENT_TEAM = D64MDUWZ72;
				GENERATE_INFOPLIST_FILE = YES;
				INFOPLIST_FILE = bogota/Info.plist;
				INFOPLIST_KEY_UIApplicationSupportsIndirectInputEvents = YES;
				INFOPLIST_KEY_UILaunchStoryboardName = LaunchScreen;
				INFOPLIST_KEY_UIMainStoryboardFile = Main;
				INFOPLIST_KEY_UISupportedInterfaceOrientations = UIInterfaceOrientationPortrait;
				INFOPLIST_KEY_UISupportedInterfaceOrientations_iPad = "UIInterfaceOrientationPortrait UIInterfaceOrientationPortraitUpsideDown UIInterfaceOrientationLandscapeLeft UIInterfaceOrientationLandscapeRight";
				INFOPLIST_KEY_UISupportedInterfaceOrientations_iPhone = "UIInterfaceOrientationPortrait UIInterfaceOrientationLandscapeLeft UIInterfaceOrientationLandscapeRight";
				IPHONEOS_DEPLOYMENT_TARGET = 15.0;
				LD_RUNPATH_SEARCH_PATHS = (
					"$(inherited)",
					"@executable_path/Frameworks",
				);
				MARKETING_VERSION = 1.0;
				PRODUCT_BUNDLE_IDENTIFIER = com.hoxvi.bogota;
				PRODUCT_NAME = "$(TARGET_NAME)";
				SWIFT_EMIT_LOC_STRINGS = YES;
				SWIFT_VERSION = 5.0;
				TARGETED_DEVICE_FAMILY = 1;
			};
			name = Debug;
		};
		BDA82E45279E691C005D5683 /* Release */ = {
			isa = XCBuildConfiguration;
			baseConfigurationReference = 16406F65F554ADA2428A8DDF /* Pods-bogota.release.xcconfig */;
			buildSettings = {
				ASSETCATALOG_COMPILER_APPICON_NAME = AppIcon;
				ASSETCATALOG_COMPILER_GLOBAL_ACCENT_COLOR_NAME = AccentColor;
				CODE_SIGN_STYLE = Automatic;
				CURRENT_PROJECT_VERSION = 1;
				DEVELOPMENT_TEAM = D64MDUWZ72;
				GENERATE_INFOPLIST_FILE = YES;
				INFOPLIST_FILE = bogota/Info.plist;
				INFOPLIST_KEY_UIApplicationSupportsIndirectInputEvents = YES;
				INFOPLIST_KEY_UILaunchStoryboardName = LaunchScreen;
				INFOPLIST_KEY_UIMainStoryboardFile = Main;
				INFOPLIST_KEY_UISupportedInterfaceOrientations = UIInterfaceOrientationPortrait;
				INFOPLIST_KEY_UISupportedInterfaceOrientations_iPad = "UIInterfaceOrientationPortrait UIInterfaceOrientationPortraitUpsideDown UIInterfaceOrientationLandscapeLeft UIInterfaceOrientationLandscapeRight";
				INFOPLIST_KEY_UISupportedInterfaceOrientations_iPhone = "UIInterfaceOrientationPortrait UIInterfaceOrientationLandscapeLeft UIInterfaceOrientationLandscapeRight";
				IPHONEOS_DEPLOYMENT_TARGET = 15.0;
				LD_RUNPATH_SEARCH_PATHS = (
					"$(inherited)",
					"@executable_path/Frameworks",
				);
				MARKETING_VERSION = 1.0;
				PRODUCT_BUNDLE_IDENTIFIER = com.hoxvi.bogota;
				PRODUCT_NAME = "$(TARGET_NAME)";
				SWIFT_EMIT_LOC_STRINGS = YES;
				SWIFT_VERSION = 5.0;
				TARGETED_DEVICE_FAMILY = 1;
			};
			name = Release;
		};
/* End XCBuildConfiguration section */

/* Begin XCConfigurationList section */
		BDA82E2A279E691A005D5683 /* Build configuration list for PBXProject "Bogota" */ = {
			isa = XCConfigurationList;
			buildConfigurations = (
				BDA82E41279E691C005D5683 /* Debug */,
				BDA82E42279E691C005D5683 /* Release */,
			);
			defaultConfigurationIsVisible = 0;
			defaultConfigurationName = Release;
		};
		BDA82E43279E691C005D5683 /* Build configuration list for PBXNativeTarget "bogota" */ = {
			isa = XCConfigurationList;
			buildConfigurations = (
				BDA82E44279E691C005D5683 /* Debug */,
				BDA82E45279E691C005D5683 /* Release */,
			);
			defaultConfigurationIsVisible = 0;
			defaultConfigurationName = Release;
		};
/* End XCConfigurationList section */
	};
	rootObject = BDA82E27279E691A005D5683 /* Project object */;
}
